// !$*UTF8*$!
{
	archiveVersion = 1;
	classes = {
	};
	objectVersion = 77;
	objects = {

/* Begin PBXBuildFile section */
		5BD3AF9D2E804E7200841A49 /* KMPNativeCoroutinesAsync in Frameworks */ = {isa = PBXBuildFile; productRef = 5BD3AF9C2E804E7200841A49 /* KMPNativeCoroutinesAsync */; };
		5BD3AF9F2E804E7200841A49 /* KMPNativeCoroutinesCore in Frameworks */ = {isa = PBXBuildFile; productRef = 5BD3AF9E2E804E7200841A49 /* KMPNativeCoroutinesCore */; };
		5BD3AFF12E805A0800841A49 /* AephyrShared.xcframework in Frameworks */ = {isa = PBXBuildFile; fileRef = 5BD3AFF02E805A0800841A49 /* AephyrShared.xcframework */; };
		5BD3AFF22E805A0800841A49 /* AephyrShared.xcframework in Embed Frameworks */ = {isa = PBXBuildFile; fileRef = 5BD3AFF02E805A0800841A49 /* AephyrShared.xcframework */; settings = {ATTRIBUTES = (CodeSignOnCopy, RemoveHeadersOnCopy, ); }; };
/* End PBXBuildFile section */

/* Begin PBXContainerItemProxy section */
		5B35EA262E4E5C08001B4907 /* PBXContainerItemProxy */ = {
			isa = PBXContainerItemProxy;
			containerPortal = 5B35EA0F2E4E5C00001B4907 /* Project object */;
			proxyType = 1;
			remoteGlobalIDString = 5B35EA162E4E5C00001B4907;
			remoteInfo = Aephyr;
		};
		5B35EA302E4E5C08001B4907 /* PBXContainerItemProxy */ = {
			isa = PBXContainerItemProxy;
			containerPortal = 5B35EA0F2E4E5C00001B4907 /* Project object */;
			proxyType = 1;
			remoteGlobalIDString = 5B35EA162E4E5C00001B4907;
			remoteInfo = Aephyr;
		};
/* End PBXContainerItemProxy section */

/* Begin PBXCopyFilesBuildPhase section */
		5BD3AE1A2E7F04E500841A49 /* Embed Frameworks */ = {
			isa = PBXCopyFilesBuildPhase;
			buildActionMask = 2147483647;
			dstPath = "";
			dstSubfolderSpec = 10;
			files = (
				5BD3AFF22E805A0800841A49 /* AephyrShared.xcframework in Embed Frameworks */,
			);
			name = "Embed Frameworks";
			runOnlyForDeploymentPostprocessing = 0;
		};
/* End PBXCopyFilesBuildPhase section */

/* Begin PBXFileReference section */
		5B35EA172E4E5C00001B4907 /* Aephyr.app */ = {isa = PBXFileReference; explicitFileType = wrapper.application; includeInIndex = 0; path = Aephyr.app; sourceTree = BUILT_PRODUCTS_DIR; };
		5B35EA252E4E5C08001B4907 /* AephyrTests.xctest */ = {isa = PBXFileReference; explicitFileType = wrapper.cfbundle; includeInIndex = 0; path = AephyrTests.xctest; sourceTree = BUILT_PRODUCTS_DIR; };
		5B35EA2F2E4E5C08001B4907 /* AephyrUITests.xctest */ = {isa = PBXFileReference; explicitFileType = wrapper.cfbundle; includeInIndex = 0; path = AephyrUITests.xctest; sourceTree = BUILT_PRODUCTS_DIR; };
		5BD3AFF02E805A0800841A49 /* AephyrShared.xcframework */ = {isa = PBXFileReference; lastKnownFileType = wrapper.xcframework; name = AephyrShared.xcframework; path = ../shared/build/XCFrameworks/debug/AephyrShared.xcframework; sourceTree = "<group>"; };
/* End PBXFileReference section */

/* Begin PBXFileSystemSynchronizedRootGroup section */
		5B35EA192E4E5C00001B4907 /* Aephyr */ = {
			isa = PBXFileSystemSynchronizedRootGroup;
			path = Aephyr;
			sourceTree = "<group>";
		};
		5B35EA282E4E5C08001B4907 /* AephyrTests */ = {
			isa = PBXFileSystemSynchronizedRootGroup;
			path = AephyrTests;
			sourceTree = "<group>";
		};
		5B35EA322E4E5C08001B4907 /* AephyrUITests */ = {
			isa = PBXFileSystemSynchronizedRootGroup;
			path = AephyrUITests;
			sourceTree = "<group>";
		};
/* End PBXFileSystemSynchronizedRootGroup section */

/* Begin PBXFrameworksBuildPhase section */
		5B35EA142E4E5C00001B4907 /* Frameworks */ = {
			isa = PBXFrameworksBuildPhase;
			buildActionMask = 2147483647;
			files = (
				5BD3AF9D2E804E7200841A49 /* KMPNativeCoroutinesAsync in Frameworks */,
				5BD3AF9F2E804E7200841A49 /* KMPNativeCoroutinesCore in Frameworks */,
				5BD3AFF12E805A0800841A49 /* AephyrShared.xcframework in Frameworks */,
			);
			runOnlyForDeploymentPostprocessing = 0;
		};
		5B35EA222E4E5C08001B4907 /* Frameworks */ = {
			isa = PBXFrameworksBuildPhase;
			buildActionMask = 2147483647;
			files = (
			);
			runOnlyForDeploymentPostprocessing = 0;
		};
		5B35EA2C2E4E5C08001B4907 /* Frameworks */ = {
			isa = PBXFrameworksBuildPhase;
			buildActionMask = 2147483647;
			files = (
			);
			runOnlyForDeploymentPostprocessing = 0;
		};
/* End PBXFrameworksBuildPhase section */

/* Begin PBXGroup section */
		5B1B8DAD2E4F554A00AD5D00 /* Frameworks */ = {
			isa = PBXGroup;
			children = (
				5BD3AFF02E805A0800841A49 /* AephyrShared.xcframework */,
			);
			name = Frameworks;
			sourceTree = "<group>";
		};
		5B35EA0E2E4E5C00001B4907 = {
			isa = PBXGroup;
			children = (
				5B35EA192E4E5C00001B4907 /* Aephyr */,
				5B35EA282E4E5C08001B4907 /* AephyrTests */,
				5B35EA322E4E5C08001B4907 /* AephyrUITests */,
				5B1B8DAD2E4F554A00AD5D00 /* Frameworks */,
				5B35EA182E4E5C00001B4907 /* Products */,
			);
			sourceTree = "<group>";
		};
		5B35EA182E4E5C00001B4907 /* Products */ = {
			isa = PBXGroup;
			children = (
				5B35EA172E4E5C00001B4907 /* Aephyr.app */,
				5B35EA252E4E5C08001B4907 /* AephyrTests.xctest */,
				5B35EA2F2E4E5C08001B4907 /* AephyrUITests.xctest */,
			);
			name = Products;
			sourceTree = "<group>";
		};
/* End PBXGroup section */

/* Begin PBXNativeTarget section */
		5B35EA162E4E5C00001B4907 /* Aephyr */ = {
			isa = PBXNativeTarget;
			buildConfigurationList = 5B35EA392E4E5C08001B4907 /* Build configuration list for PBXNativeTarget "Aephyr" */;
			buildPhases = (
				5B35EA132E4E5C00001B4907 /* Sources */,
				5B35EA142E4E5C00001B4907 /* Frameworks */,
				5B35EA152E4E5C00001B4907 /* Resources */,
				5BD3AE1A2E7F04E500841A49 /* Embed Frameworks */,
			);
			buildRules = (
			);
			dependencies = (
			);
			fileSystemSynchronizedGroups = (
				5B35EA192E4E5C00001B4907 /* Aephyr */,
			);
			name = Aephyr;
			packageProductDependencies = (
				5BD3AF9C2E804E7200841A49 /* KMPNativeCoroutinesAsync */,
				5BD3AF9E2E804E7200841A49 /* KMPNativeCoroutinesCore */,
			);
			productName = Aephyr;
			productReference = 5B35EA172E4E5C00001B4907 /* Aephyr.app */;
			productType = "com.apple.product-type.application";
		};
		5B35EA242E4E5C08001B4907 /* AephyrTests */ = {
			isa = PBXNativeTarget;
			buildConfigurationList = 5B35EA3C2E4E5C08001B4907 /* Build configuration list for PBXNativeTarget "AephyrTests" */;
			buildPhases = (
				5B35EA212E4E5C08001B4907 /* Sources */,
				5B35EA222E4E5C08001B4907 /* Frameworks */,
				5B35EA232E4E5C08001B4907 /* Resources */,
			);
			buildRules = (
			);
			dependencies = (
				5B35EA272E4E5C08001B4907 /* PBXTargetDependency */,
			);
			fileSystemSynchronizedGroups = (
				5B35EA282E4E5C08001B4907 /* AephyrTests */,
			);
			name = AephyrTests;
			packageProductDependencies = (
			);
			productName = AephyrTests;
			productReference = 5B35EA252E4E5C08001B4907 /* AephyrTests.xctest */;
			productType = "com.apple.product-type.bundle.unit-test";
		};
		5B35EA2E2E4E5C08001B4907 /* AephyrUITests */ = {
			isa = PBXNativeTarget;
			buildConfigurationList = 5B35EA3F2E4E5C08001B4907 /* Build configuration list for PBXNativeTarget "AephyrUITests" */;
			buildPhases = (
				5B35EA2B2E4E5C08001B4907 /* Sources */,
				5B35EA2C2E4E5C08001B4907 /* Frameworks */,
				5B35EA2D2E4E5C08001B4907 /* Resources */,
			);
			buildRules = (
			);
			dependencies = (
				5B35EA312E4E5C08001B4907 /* PBXTargetDependency */,
			);
			fileSystemSynchronizedGroups = (
				5B35EA322E4E5C08001B4907 /* AephyrUITests */,
			);
			name = AephyrUITests;
			packageProductDependencies = (
			);
			productName = AephyrUITests;
			productReference = 5B35EA2F2E4E5C08001B4907 /* AephyrUITests.xctest */;
			productType = "com.apple.product-type.bundle.ui-testing";
		};
/* End PBXNativeTarget section */

/* Begin PBXProject section */
		5B35EA0F2E4E5C00001B4907 /* Project object */ = {
			isa = PBXProject;
			attributes = {
				BuildIndependentTargetsInParallel = 1;
				LastSwiftUpdateCheck = 1640;
				LastUpgradeCheck = 2600;
				TargetAttributes = {
					5B35EA162E4E5C00001B4907 = {
						CreatedOnToolsVersion = 16.4;
					};
					5B35EA242E4E5C08001B4907 = {
						CreatedOnToolsVersion = 16.4;
						TestTargetID = 5B35EA162E4E5C00001B4907;
					};
					5B35EA2E2E4E5C08001B4907 = {
						CreatedOnToolsVersion = 16.4;
						TestTargetID = 5B35EA162E4E5C00001B4907;
					};
				};
			};
			buildConfigurationList = 5B35EA122E4E5C00001B4907 /* Build configuration list for PBXProject "Aephyr" */;
			developmentRegion = en;
			hasScannedForEncodings = 0;
			knownRegions = (
				en,
				Base,
			);
			mainGroup = 5B35EA0E2E4E5C00001B4907;
			minimizedProjectReferenceProxies = 1;
			packageReferences = (
				5BD3AF9B2E804E7200841A49 /* XCRemoteSwiftPackageReference "KMP-NativeCoroutines" */,
			);
			preferredProjectObjectVersion = 77;
			productRefGroup = 5B35EA182E4E5C00001B4907 /* Products */;
			projectDirPath = "";
			projectRoot = "";
			targets = (
				5B35EA162E4E5C00001B4907 /* Aephyr */,
				5B35EA242E4E5C08001B4907 /* AephyrTests */,
				5B35EA2E2E4E5C08001B4907 /* AephyrUITests */,
			);
		};
/* End PBXProject section */

/* Begin PBXResourcesBuildPhase section */
		5B35EA152E4E5C00001B4907 /* Resources */ = {
			isa = PBXResourcesBuildPhase;
			buildActionMask = 2147483647;
			files = (
			);
			runOnlyForDeploymentPostprocessing = 0;
		};
		5B35EA232E4E5C08001B4907 /* Resources */ = {
			isa = PBXResourcesBuildPhase;
			buildActionMask = 2147483647;
			files = (
			);
			runOnlyForDeploymentPostprocessing = 0;
		};
		5B35EA2D2E4E5C08001B4907 /* Resources */ = {
			isa = PBXResourcesBuildPhase;
			buildActionMask = 2147483647;
			files = (
			);
			runOnlyForDeploymentPostprocessing = 0;
		};
/* End PBXResourcesBuildPhase section */

/* Begin PBXSourcesBuildPhase section */
		5B35EA132E4E5C00001B4907 /* Sources */ = {
			isa = PBXSourcesBuildPhase;
			buildActionMask = 2147483647;
			files = (
			);
			runOnlyForDeploymentPostprocessing = 0;
		};
		5B35EA212E4E5C08001B4907 /* Sources */ = {
			isa = PBXSourcesBuildPhase;
			buildActionMask = 2147483647;
			files = (
			);
			runOnlyForDeploymentPostprocessing = 0;
		};
		5B35EA2B2E4E5C08001B4907 /* Sources */ = {
			isa = PBXSourcesBuildPhase;
			buildActionMask = 2147483647;
			files = (
			);
			runOnlyForDeploymentPostprocessing = 0;
		};
/* End PBXSourcesBuildPhase section */

/* Begin PBXTargetDependency section */
		5B35EA272E4E5C08001B4907 /* PBXTargetDependency */ = {
			isa = PBXTargetDependency;
			target = 5B35EA162E4E5C00001B4907 /* Aephyr */;
			targetProxy = 5B35EA262E4E5C08001B4907 /* PBXContainerItemProxy */;
		};
		5B35EA312E4E5C08001B4907 /* PBXTargetDependency */ = {
			isa = PBXTargetDependency;
			target = 5B35EA162E4E5C00001B4907 /* Aephyr */;
			targetProxy = 5B35EA302E4E5C08001B4907 /* PBXContainerItemProxy */;
		};
/* End PBXTargetDependency section */

/* Begin XCBuildConfiguration section */
		5B35EA372E4E5C08001B4907 /* Debug */ = {
			isa = XCBuildConfiguration;
			buildSettings = {
				ALWAYS_SEARCH_USER_PATHS = NO;
				ASSETCATALOG_COMPILER_GENERATE_SWIFT_ASSET_SYMBOL_EXTENSIONS = YES;
				CLANG_ANALYZER_NONNULL = YES;
				CLANG_ANALYZER_NUMBER_OBJECT_CONVERSION = YES_AGGRESSIVE;
				CLANG_CXX_LANGUAGE_STANDARD = "gnu++20";
				CLANG_ENABLE_MODULES = YES;
				CLANG_ENABLE_OBJC_ARC = YES;
				CLANG_ENABLE_OBJC_WEAK = YES;
				CLANG_WARN_BLOCK_CAPTURE_AUTORELEASING = YES;
				CLANG_WARN_BOOL_CONVERSION = YES;
				CLANG_WARN_COMMA = YES;
				CLANG_WARN_CONSTANT_CONVERSION = YES;
				CLANG_WARN_DEPRECATED_OBJC_IMPLEMENTATIONS = YES;
				CLANG_WARN_DIRECT_OBJC_ISA_USAGE = YES_ERROR;
				CLANG_WARN_DOCUMENTATION_COMMENTS = YES;
				CLANG_WARN_EMPTY_BODY = YES;
				CLANG_WARN_ENUM_CONVERSION = YES;
				CLANG_WARN_INFINITE_RECURSION = YES;
				CLANG_WARN_INT_CONVERSION = YES;
				CLANG_WARN_NON_LITERAL_NULL_CONVERSION = YES;
				CLANG_WARN_OBJC_IMPLICIT_RETAIN_SELF = YES;
				CLANG_WARN_OBJC_LITERAL_CONVERSION = YES;
				CLANG_WARN_OBJC_ROOT_CLASS = YES_ERROR;
				CLANG_WARN_QUOTED_INCLUDE_IN_FRAMEWORK_HEADER = YES;
				CLANG_WARN_RANGE_LOOP_ANALYSIS = YES;
				CLANG_WARN_STRICT_PROTOTYPES = YES;
				CLANG_WARN_SUSPICIOUS_MOVE = YES;
				CLANG_WARN_UNGUARDED_AVAILABILITY = YES_AGGRESSIVE;
				CLANG_WARN_UNREACHABLE_CODE = YES;
				CLANG_WARN__DUPLICATE_METHOD_MATCH = YES;
				COPY_PHASE_STRIP = NO;
				DEAD_CODE_STRIPPING = YES;
				DEBUG_INFORMATION_FORMAT = dwarf;
				ENABLE_STRICT_OBJC_MSGSEND = YES;
				ENABLE_TESTABILITY = YES;
				ENABLE_USER_SCRIPT_SANDBOXING = YES;
				GCC_C_LANGUAGE_STANDARD = gnu17;
				GCC_DYNAMIC_NO_PIC = NO;
				GCC_NO_COMMON_BLOCKS = YES;
				GCC_OPTIMIZATION_LEVEL = 0;
				GCC_PREPROCESSOR_DEFINITIONS = (
					"DEBUG=1",
					"$(inherited)",
				);
				GCC_WARN_64_TO_32_BIT_CONVERSION = YES;
				GCC_WARN_ABOUT_RETURN_TYPE = YES_ERROR;
				GCC_WARN_UNDECLARED_SELECTOR = YES;
				GCC_WARN_UNINITIALIZED_AUTOS = YES_AGGRESSIVE;
				GCC_WARN_UNUSED_FUNCTION = YES;
				GCC_WARN_UNUSED_VARIABLE = YES;
				LOCALIZATION_PREFERS_STRING_CATALOGS = YES;
				MTL_ENABLE_DEBUG_INFO = INCLUDE_SOURCE;
				MTL_FAST_MATH = YES;
				ONLY_ACTIVE_ARCH = YES;
				STRING_CATALOG_GENERATE_SYMBOLS = YES;
				SWIFT_ACTIVE_COMPILATION_CONDITIONS = "DEBUG $(inherited)";
				SWIFT_OPTIMIZATION_LEVEL = "-Onone";
			};
			name = Debug;
		};
		5B35EA382E4E5C08001B4907 /* Release */ = {
			isa = XCBuildConfiguration;
			buildSettings = {
				ALWAYS_SEARCH_USER_PATHS = NO;
				ASSETCATALOG_COMPILER_GENERATE_SWIFT_ASSET_SYMBOL_EXTENSIONS = YES;
				CLANG_ANALYZER_NONNULL = YES;
				CLANG_ANALYZER_NUMBER_OBJECT_CONVERSION = YES_AGGRESSIVE;
				CLANG_CXX_LANGUAGE_STANDARD = "gnu++20";
				CLANG_ENABLE_MODULES = YES;
				CLANG_ENABLE_OBJC_ARC = YES;
				CLANG_ENABLE_OBJC_WEAK = YES;
				CLANG_WARN_BLOCK_CAPTURE_AUTORELEASING = YES;
				CLANG_WARN_BOOL_CONVERSION = YES;
				CLANG_WARN_COMMA = YES;
				CLANG_WARN_CONSTANT_CONVERSION = YES;
				CLANG_WARN_DEPRECATED_OBJC_IMPLEMENTATIONS = YES;
				CLANG_WARN_DIRECT_OBJC_ISA_USAGE = YES_ERROR;
				CLANG_WARN_DOCUMENTATION_COMMENTS = YES;
				CLANG_WARN_EMPTY_BODY = YES;
				CLANG_WARN_ENUM_CONVERSION = YES;
				CLANG_WARN_INFINITE_RECURSION = YES;
				CLANG_WARN_INT_CONVERSION = YES;
				CLANG_WARN_NON_LITERAL_NULL_CONVERSION = YES;
				CLANG_WARN_OBJC_IMPLICIT_RETAIN_SELF = YES;
				CLANG_WARN_OBJC_LITERAL_CONVERSION = YES;
				CLANG_WARN_OBJC_ROOT_CLASS = YES_ERROR;
				CLANG_WARN_QUOTED_INCLUDE_IN_FRAMEWORK_HEADER = YES;
				CLANG_WARN_RANGE_LOOP_ANALYSIS = YES;
				CLANG_WARN_STRICT_PROTOTYPES = YES;
				CLANG_WARN_SUSPICIOUS_MOVE = YES;
				CLANG_WARN_UNGUARDED_AVAILABILITY = YES_AGGRESSIVE;
				CLANG_WARN_UNREACHABLE_CODE = YES;
				CLANG_WARN__DUPLICATE_METHOD_MATCH = YES;
				COPY_PHASE_STRIP = NO;
				DEAD_CODE_STRIPPING = YES;
				DEBUG_INFORMATION_FORMAT = "dwarf-with-dsym";
				ENABLE_NS_ASSERTIONS = NO;
				ENABLE_STRICT_OBJC_MSGSEND = YES;
				ENABLE_USER_SCRIPT_SANDBOXING = YES;
				GCC_C_LANGUAGE_STANDARD = gnu17;
				GCC_NO_COMMON_BLOCKS = YES;
				GCC_WARN_64_TO_32_BIT_CONVERSION = YES;
				GCC_WARN_ABOUT_RETURN_TYPE = YES_ERROR;
				GCC_WARN_UNDECLARED_SELECTOR = YES;
				GCC_WARN_UNINITIALIZED_AUTOS = YES_AGGRESSIVE;
				GCC_WARN_UNUSED_FUNCTION = YES;
				GCC_WARN_UNUSED_VARIABLE = YES;
				LOCALIZATION_PREFERS_STRING_CATALOGS = YES;
				MTL_ENABLE_DEBUG_INFO = NO;
				MTL_FAST_MATH = YES;
				STRING_CATALOG_GENERATE_SYMBOLS = YES;
				SWIFT_COMPILATION_MODE = wholemodule;
			};
			name = Release;
		};
		5B35EA3A2E4E5C08001B4907 /* Debug */ = {
			isa = XCBuildConfiguration;
			buildSettings = {
				ASSETCATALOG_COMPILER_APPICON_NAME = AppIcon;
				ASSETCATALOG_COMPILER_GLOBAL_ACCENT_COLOR_NAME = AccentColor;
				CODE_SIGN_ENTITLEMENTS = Aephyr/Aephyr.entitlements;
				CODE_SIGN_STYLE = Automatic;
				CURRENT_PROJECT_VERSION = 1;
				DEAD_CODE_STRIPPING = YES;
				DEVELOPMENT_TEAM = 4T4K84DBDV;
				ENABLE_APP_SANDBOX = YES;
				ENABLE_INCOMING_NETWORK_CONNECTIONS = NO;
				ENABLE_OUTGOING_NETWORK_CONNECTIONS = NO;
				ENABLE_PREVIEWS = YES;
				ENABLE_RESOURCE_ACCESS_AUDIO_INPUT = NO;
				ENABLE_RESOURCE_ACCESS_BLUETOOTH = NO;
				ENABLE_RESOURCE_ACCESS_CALENDARS = NO;
				ENABLE_RESOURCE_ACCESS_CAMERA = NO;
				ENABLE_RESOURCE_ACCESS_CONTACTS = NO;
				ENABLE_RESOURCE_ACCESS_LOCATION = NO;
				ENABLE_RESOURCE_ACCESS_PRINTING = NO;
				ENABLE_RESOURCE_ACCESS_USB = NO;
				GENERATE_INFOPLIST_FILE = YES;
				INFOPLIST_KEY_CFBundleDisplayName = Aephyr;
				INFOPLIST_KEY_LSApplicationCategoryType = "public.app-category.food-and-drink";
				"INFOPLIST_KEY_UIApplicationSceneManifest_Generation[sdk=iphoneos*]" = YES;
				"INFOPLIST_KEY_UIApplicationSceneManifest_Generation[sdk=iphonesimulator*]" = YES;
				"INFOPLIST_KEY_UIApplicationSupportsIndirectInputEvents[sdk=iphoneos*]" = YES;
				"INFOPLIST_KEY_UIApplicationSupportsIndirectInputEvents[sdk=iphonesimulator*]" = YES;
				"INFOPLIST_KEY_UILaunchScreen_Generation[sdk=iphoneos*]" = YES;
				"INFOPLIST_KEY_UILaunchScreen_Generation[sdk=iphonesimulator*]" = YES;
				"INFOPLIST_KEY_UIStatusBarStyle[sdk=iphoneos*]" = UIStatusBarStyleDefault;
				"INFOPLIST_KEY_UIStatusBarStyle[sdk=iphonesimulator*]" = UIStatusBarStyleDefault;
				INFOPLIST_KEY_UISupportedInterfaceOrientations_iPad = "UIInterfaceOrientationPortrait UIInterfaceOrientationPortraitUpsideDown UIInterfaceOrientationLandscapeLeft UIInterfaceOrientationLandscapeRight";
				INFOPLIST_KEY_UISupportedInterfaceOrientations_iPhone = "UIInterfaceOrientationPortrait UIInterfaceOrientationLandscapeLeft UIInterfaceOrientationLandscapeRight";
				IPHONEOS_DEPLOYMENT_TARGET = 18.5;
				LD_RUNPATH_SEARCH_PATHS = "@executable_path/Frameworks";
				"LD_RUNPATH_SEARCH_PATHS[sdk=macosx*]" = "@executable_path/../Frameworks";
				MACOSX_DEPLOYMENT_TARGET = 15.5;
				MARKETING_VERSION = 1.0;
				PRODUCT_BUNDLE_IDENTIFIER = life.aephyr.Aephyr;
				PRODUCT_NAME = "$(TARGET_NAME)";
				REGISTER_APP_GROUPS = YES;
				SDKROOT = auto;
				SUPPORTED_PLATFORMS = "iphoneos iphonesimulator macosx xros xrsimulator";
				SWIFT_EMIT_LOC_STRINGS = YES;
				SWIFT_VERSION = 5.0;
				TARGETED_DEVICE_FAMILY = "1,2,7";
				XROS_DEPLOYMENT_TARGET = 2.5;
			};
			name = Debug;
		};
		5B35EA3B2E4E5C08001B4907 /* Release */ = {
			isa = XCBuildConfiguration;
			buildSettings = {
				ASSETCATALOG_COMPILER_APPICON_NAME = AppIcon;
				ASSETCATALOG_COMPILER_GLOBAL_ACCENT_COLOR_NAME = AccentColor;
				CODE_SIGN_ENTITLEMENTS = Aephyr/Aephyr.entitlements;
				CODE_SIGN_STYLE = Automatic;
				CURRENT_PROJECT_VERSION = 1;
				DEAD_CODE_STRIPPING = YES;
				DEVELOPMENT_TEAM = 4T4K84DBDV;
				ENABLE_APP_SANDBOX = YES;
				ENABLE_INCOMING_NETWORK_CONNECTIONS = NO;
				ENABLE_OUTGOING_NETWORK_CONNECTIONS = NO;
				ENABLE_PREVIEWS = YES;
				ENABLE_RESOURCE_ACCESS_AUDIO_INPUT = NO;
				ENABLE_RESOURCE_ACCESS_BLUETOOTH = NO;
				ENABLE_RESOURCE_ACCESS_CALENDARS = NO;
				ENABLE_RESOURCE_ACCESS_CAMERA = NO;
				ENABLE_RESOURCE_ACCESS_CONTACTS = NO;
				ENABLE_RESOURCE_ACCESS_LOCATION = NO;
				ENABLE_RESOURCE_ACCESS_PRINTING = NO;
				ENABLE_RESOURCE_ACCESS_USB = NO;
				GENERATE_INFOPLIST_FILE = YES;
				INFOPLIST_KEY_CFBundleDisplayName = Aephyr;
				INFOPLIST_KEY_LSApplicationCategoryType = "public.app-category.food-and-drink";
				"INFOPLIST_KEY_UIApplicationSceneManifest_Generation[sdk=iphoneos*]" = YES;
				"INFOPLIST_KEY_UIApplicationSceneManifest_Generation[sdk=iphonesimulator*]" = YES;
				"INFOPLIST_KEY_UIApplicationSupportsIndirectInputEvents[sdk=iphoneos*]" = YES;
				"INFOPLIST_KEY_UIApplicationSupportsIndirectInputEvents[sdk=iphonesimulator*]" = YES;
				"INFOPLIST_KEY_UILaunchScreen_Generation[sdk=iphoneos*]" = YES;
				"INFOPLIST_KEY_UILaunchScreen_Generation[sdk=iphonesimulator*]" = YES;
				"INFOPLIST_KEY_UIStatusBarStyle[sdk=iphoneos*]" = UIStatusBarStyleDefault;
				"INFOPLIST_KEY_UIStatusBarStyle[sdk=iphonesimulator*]" = UIStatusBarStyleDefault;
				INFOPLIST_KEY_UISupportedInterfaceOrientations_iPad = "UIInterfaceOrientationPortrait UIInterfaceOrientationPortraitUpsideDown UIInterfaceOrientationLandscapeLeft UIInterfaceOrientationLandscapeRight";
				INFOPLIST_KEY_UISupportedInterfaceOrientations_iPhone = "UIInterfaceOrientationPortrait UIInterfaceOrientationLandscapeLeft UIInterfaceOrientationLandscapeRight";
				IPHONEOS_DEPLOYMENT_TARGET = 18.5;
				LD_RUNPATH_SEARCH_PATHS = "@executable_path/Frameworks";
				"LD_RUNPATH_SEARCH_PATHS[sdk=macosx*]" = "@executable_path/../Frameworks";
				MACOSX_DEPLOYMENT_TARGET = 15.5;
				MARKETING_VERSION = 1.0;
				PRODUCT_BUNDLE_IDENTIFIER = life.aephyr.Aephyr;
				PRODUCT_NAME = "$(TARGET_NAME)";
				REGISTER_APP_GROUPS = YES;
				SDKROOT = auto;
				SUPPORTED_PLATFORMS = "iphoneos iphonesimulator macosx xros xrsimulator";
				SWIFT_EMIT_LOC_STRINGS = YES;
				SWIFT_VERSION = 5.0;
				TARGETED_DEVICE_FAMILY = "1,2,7";
				XROS_DEPLOYMENT_TARGET = 2.5;
			};
			name = Release;
		};
		5B35EA3D2E4E5C08001B4907 /* Debug */ = {
			isa = XCBuildConfiguration;
			buildSettings = {
				BUNDLE_LOADER = "$(TEST_HOST)";
				CODE_SIGN_STYLE = Automatic;
				CURRENT_PROJECT_VERSION = 1;
				DEAD_CODE_STRIPPING = YES;
				GENERATE_INFOPLIST_FILE = YES;
				IPHONEOS_DEPLOYMENT_TARGET = 18.5;
				MACOSX_DEPLOYMENT_TARGET = 15.5;
				MARKETING_VERSION = 1.0;
				PRODUCT_BUNDLE_IDENTIFIER = life.aephyr.AephyrTests;
				PRODUCT_NAME = "$(TARGET_NAME)";
				SDKROOT = auto;
				SUPPORTED_PLATFORMS = "iphoneos iphonesimulator macosx xros xrsimulator";
				SWIFT_EMIT_LOC_STRINGS = NO;
				SWIFT_VERSION = 5.0;
				TARGETED_DEVICE_FAMILY = "1,2,7";
				TEST_HOST = "$(BUILT_PRODUCTS_DIR)/Aephyr.app/$(BUNDLE_EXECUTABLE_FOLDER_PATH)/Aephyr";
				XROS_DEPLOYMENT_TARGET = 2.5;
			};
			name = Debug;
		};
		5B35EA3E2E4E5C08001B4907 /* Release */ = {
			isa = XCBuildConfiguration;
			buildSettings = {
				BUNDLE_LOADER = "$(TEST_HOST)";
				CODE_SIGN_STYLE = Automatic;
				CURRENT_PROJECT_VERSION = 1;
				DEAD_CODE_STRIPPING = YES;
				GENERATE_INFOPLIST_FILE = YES;
				IPHONEOS_DEPLOYMENT_TARGET = 18.5;
				MACOSX_DEPLOYMENT_TARGET = 15.5;
				MARKETING_VERSION = 1.0;
				PRODUCT_BUNDLE_IDENTIFIER = life.aephyr.AephyrTests;
				PRODUCT_NAME = "$(TARGET_NAME)";
				SDKROOT = auto;
				SUPPORTED_PLATFORMS = "iphoneos iphonesimulator macosx xros xrsimulator";
				SWIFT_EMIT_LOC_STRINGS = NO;
				SWIFT_VERSION = 5.0;
				TARGETED_DEVICE_FAMILY = "1,2,7";
				TEST_HOST = "$(BUILT_PRODUCTS_DIR)/Aephyr.app/$(BUNDLE_EXECUTABLE_FOLDER_PATH)/Aephyr";
				XROS_DEPLOYMENT_TARGET = 2.5;
			};
			name = Release;
		};
		5B35EA402E4E5C08001B4907 /* Debug */ = {
			isa = XCBuildConfiguration;
			buildSettings = {
				CODE_SIGN_STYLE = Automatic;
				CURRENT_PROJECT_VERSION = 1;
				DEAD_CODE_STRIPPING = YES;
				GENERATE_INFOPLIST_FILE = YES;
				IPHONEOS_DEPLOYMENT_TARGET = 18.5;
				MACOSX_DEPLOYMENT_TARGET = 15.5;
				MARKETING_VERSION = 1.0;
				PRODUCT_BUNDLE_IDENTIFIER = life.aephyr.AephyrUITests;
				PRODUCT_NAME = "$(TARGET_NAME)";
				SDKROOT = auto;
				SUPPORTED_PLATFORMS = "iphoneos iphonesimulator macosx xros xrsimulator";
				SWIFT_EMIT_LOC_STRINGS = NO;
				SWIFT_VERSION = 5.0;
				TARGETED_DEVICE_FAMILY = "1,2,7";
				TEST_TARGET_NAME = Aephyr;
				XROS_DEPLOYMENT_TARGET = 2.5;
			};
			name = Debug;
		};
		5B35EA412E4E5C08001B4907 /* Release */ = {
			isa = XCBuildConfiguration;
			buildSettings = {
				CODE_SIGN_STYLE = Automatic;
				CURRENT_PROJECT_VERSION = 1;
				DEAD_CODE_STRIPPING = YES;
				GENERATE_INFOPLIST_FILE = YES;
				IPHONEOS_DEPLOYMENT_TARGET = 18.5;
				MACOSX_DEPLOYMENT_TARGET = 15.5;
				MARKETING_VERSION = 1.0;
				PRODUCT_BUNDLE_IDENTIFIER = life.aephyr.AephyrUITests;
				PRODUCT_NAME = "$(TARGET_NAME)";
				SDKROOT = auto;
				SUPPORTED_PLATFORMS = "iphoneos iphonesimulator macosx xros xrsimulator";
				SWIFT_EMIT_LOC_STRINGS = NO;
				SWIFT_VERSION = 5.0;
				TARGETED_DEVICE_FAMILY = "1,2,7";
				TEST_TARGET_NAME = Aephyr;
				XROS_DEPLOYMENT_TARGET = 2.5;
			};
			name = Release;
		};
/* End XCBuildConfiguration section */

/* Begin XCConfigurationList section */
		5B35EA122E4E5C00001B4907 /* Build configuration list for PBXProject "Aephyr" */ = {
			isa = XCConfigurationList;
			buildConfigurations = (
				5B35EA372E4E5C08001B4907 /* Debug */,
				5B35EA382E4E5C08001B4907 /* Release */,
			);
			defaultConfigurationIsVisible = 0;
			defaultConfigurationName = Release;
		};
		5B35EA392E4E5C08001B4907 /* Build configuration list for PBXNativeTarget "Aephyr" */ = {
			isa = XCConfigurationList;
			buildConfigurations = (
				5B35EA3A2E4E5C08001B4907 /* Debug */,
				5B35EA3B2E4E5C08001B4907 /* Release */,
			);
			defaultConfigurationIsVisible = 0;
			defaultConfigurationName = Release;
		};
		5B35EA3C2E4E5C08001B4907 /* Build configuration list for PBXNativeTarget "AephyrTests" */ = {
			isa = XCConfigurationList;
			buildConfigurations = (
				5B35EA3D2E4E5C08001B4907 /* Debug */,
				5B35EA3E2E4E5C08001B4907 /* Release */,
			);
			defaultConfigurationIsVisible = 0;
			defaultConfigurationName = Release;
		};
		5B35EA3F2E4E5C08001B4907 /* Build configuration list for PBXNativeTarget "AephyrUITests" */ = {
			isa = XCConfigurationList;
			buildConfigurations = (
				5B35EA402E4E5C08001B4907 /* Debug */,
				5B35EA412E4E5C08001B4907 /* Release */,
			);
			defaultConfigurationIsVisible = 0;
			defaultConfigurationName = Release;
		};
/* End XCConfigurationList section */

/* Begin XCRemoteSwiftPackageReference section */
		5BD3AF9B2E804E7200841A49 /* XCRemoteSwiftPackageReference "KMP-NativeCoroutines" */ = {
			isa = XCRemoteSwiftPackageReference;
			repositoryURL = "https://github.com/rickclephas/KMP-NativeCoroutines.git";
			requirement = {
				kind = exactVersion;
				version = "1.0.0-ALPHA-47";
			};
		};
/* End XCRemoteSwiftPackageReference section */

/* Begin XCSwiftPackageProductDependency section */
		5BD3AF9C2E804E7200841A49 /* KMPNativeCoroutinesAsync */ = {
			isa = XCSwiftPackageProductDependency;
			package = 5BD3AF9B2E804E7200841A49 /* XCRemoteSwiftPackageReference "KMP-NativeCoroutines" */;
			productName = KMPNativeCoroutinesAsync;
		};
		5BD3AF9E2E804E7200841A49 /* KMPNativeCoroutinesCore */ = {
			isa = XCSwiftPackageProductDependency;
			package = 5BD3AF9B2E804E7200841A49 /* XCRemoteSwiftPackageReference "KMP-NativeCoroutines" */;
			productName = KMPNativeCoroutinesCore;
		};
/* End XCSwiftPackageProductDependency section */
	};
	rootObject = 5B35EA0F2E4E5C00001B4907 /* Project object */;
}
